// !$*UTF8*$!
{
	archiveVersion = 1;
	classes = {
	};
	objectVersion = 56;
	objects = {

/* Begin PBXBuildFile section */
		0B5DEBBAF36C458E9D924CFE /* App.swift in Sources */ = {isa = PBXBuildFile; fileRef = 86B82463C68C49E7B5C5E61C /* App.swift */; };
		57B1AF6C0AAF4FD79D098059 /* Models.swift in Sources */ = {isa = PBXBuildFile; fileRef = 59CB382C358F403AB6909D86 /* Models.swift */; };
		1AD10FDF4A7E495C8EE385CA /* Storage.swift in Sources */ = {isa = PBXBuildFile; fileRef = 883E816CB0CD4D7C9FC8C252 /* Storage.swift */; };
		E95D08BDAEA24D8A9FD20F93 /* TrackerView.swift in Sources */ = {isa = PBXBuildFile; fileRef = 4D423058DAF649FE85EFB320 /* TrackerView.swift */; };
		1CF603C862F24BCF866CD753 /* EditorView.swift in Sources */ = {isa = PBXBuildFile; fileRef = 3D0B5EAD70AB4C778D741FC7 /* EditorView.swift */; };
		A040EBA610014775B0B4E006 /* WatchView.swift in Sources */ = {isa = PBXBuildFile; fileRef = 0631B56994034B709378ABBE /* WatchView.swift */; };
		6AA0B0E09B3640B69BBC3385 /* Theme.swift in Sources */ = {isa = PBXBuildFile; fileRef = 1257A01051AF4429A34C77DB /* Theme.swift */; };
		4B32D62DBAAD41F299595BF1 /* Assets.xcassets in Resources */ = {isa = PBXBuildFile; fileRef = 71760F6C9440430D8491B853 /* Assets.xcassets */; };
/* End PBXBuildFile section */

/* Begin PBXFileReference section */
		86B82463C68C49E7B5C5E61C /* App.swift */ = {isa = PBXFileReference; lastKnownFileType = sourcecode.swift; name = App.swift; path = App.swift; sourceTree = "<group>"; };
		59CB382C358F403AB6909D86 /* Models.swift */ = {isa = PBXFileReference; lastKnownFileType = sourcecode.swift; name = Models.swift; path = Models/Models.swift; sourceTree = "<group>"; };
		883E816CB0CD4D7C9FC8C252 /* Storage.swift */ = {isa = PBXFileReference; lastKnownFileType = sourcecode.swift; name = Storage.swift; path = Storage/Storage.swift; sourceTree = "<group>"; };
		4D423058DAF649FE85EFB320 /* TrackerView.swift */ = {isa = PBXFileReference; lastKnownFileType = sourcecode.swift; name = TrackerView.swift; path = Views/TrackerView.swift; sourceTree = "<group>"; };
		3D0B5EAD70AB4C778D741FC7 /* EditorView.swift */ = {isa = PBXFileReference; lastKnownFileType = sourcecode.swift; name = EditorView.swift; path = Views/EditorView.swift; sourceTree = "<group>"; };
		0631B56994034B709378ABBE /* WatchView.swift */ = {isa = PBXFileReference; lastKnownFileType = sourcecode.swift; name = WatchView.swift; path = Views/WatchView.swift; sourceTree = "<group>"; };
		1257A01051AF4429A34C77DB /* Theme.swift */ = {isa = PBXFileReference; lastKnownFileType = sourcecode.swift; name = Theme.swift; path = Views/Theme.swift; sourceTree = "<group>"; };
		F7A5B41E2D3F4FF59A52449C /* Info.plist */ = {isa = PBXFileReference; lastKnownFileType = text.plist.xml; path = Info.plist; sourceTree = "<group>"; };
		71760F6C9440430D8491B853 /* Assets.xcassets */ = {isa = PBXFileReference; lastKnownFileType = folder.assetcatalog; path = Assets.xcassets; sourceTree = "<group>"; };
		E515312240354477989B131F /* KnitFlow.app */ = {isa = PBXFileReference; explicitFileType = wrapper.application; includeInIndex = 0; path = KnitFlow.app; sourceTree = BUILT_PRODUCTS_DIR; };
/* End PBXFileReference section */

/* Begin PBXFrameworksBuildPhase section */
		4224D1A34AA74637B982C90E /* Frameworks */ = {
			isa = PBXFrameworksBuildPhase;
			buildActionMask = 2147483647;
			files = (
			);
			runOnlyForDeploymentPostprocessing = 0;
		};
/* End PBXFrameworksBuildPhase section */

/* Begin PBXGroup section */
		3DF6CD930C6E4EE89E0F9E16 = {
			isa = PBXGroup;
			children = (
				86B82463C68C49E7B5C5E61C /* App.swift */,
				59CB382C358F403AB6909D86 /* Models.swift */,
				883E816CB0CD4D7C9FC8C252 /* Storage.swift */,
				4D423058DAF649FE85EFB320 /* TrackerView.swift */,
				3D0B5EAD70AB4C778D741FC7 /* EditorView.swift */,
				0631B56994034B709378ABBE /* WatchView.swift */,
				1257A01051AF4429A34C77DB /* Theme.swift */,
				71760F6C9440430D8491B853 /* Assets.xcassets */,
				F7A5B41E2D3F4FF59A52449C /* Info.plist */,
				3D16456C29C4421FBBD3675A /* Products */,
			);
			sourceTree = "<group>";
		};
		3D16456C29C4421FBBD3675A /* Products */ = {
			isa = PBXGroup;
			children = (
				E515312240354477989B131F /* KnitFlow.app */,
			);
			name = Products;
			sourceTree = "<group>";
		};
/* End PBXGroup section */

/* Begin PBXNativeTarget section */
		50703877C202466986DC3F74 /* KnitFlow */ = {
			isa = PBXNativeTarget;
			buildConfigurationList = 2F29D447E81548108A3D22B8 /* Build configuration list for PBXNativeTarget "KnitFlow" */;
			buildPhases = (
				624C9B9E315D4B50A8AB1A51 /* Sources */,
				4224D1A34AA74637B982C90E /* Frameworks */,
				BBCBBF958CEB45BA850007E1 /* Resources */,
			);
			buildRules = (
			);
			dependencies = (
			);
			name = KnitFlow;
			productName = KnitFlow;
			productReference = E515312240354477989B131F /* KnitFlow.app */;
			productType = "com.apple.product-type.application";
		};
/* End PBXNativeTarget section */

/* Begin PBXProject section */
		50500E20006849A79D696EAC /* Project object */ = {
			isa = PBXProject;
			attributes = {
				BuildIndependentTargetsInParallel = 1;
				LastSwiftUpdateCheck = 1600;
				LastUpgradeCheck = 1600;
				TargetAttributes = {
					50703877C202466986DC3F74 = {
						CreatedOnToolsVersion = 16.0;
					};
				};
			};
			buildConfigurationList = 7F209A46D3ED4BC89A0D1B60 /* Build configuration list for PBXProject "KnitFlow" */;
			compatibilityVersion = "Xcode 14.0";
			developmentRegion = en;
			hasScannedForEncodings = 0;
			knownRegions = (
				en,
				Base,
			);
			mainGroup = 3DF6CD930C6E4EE89E0F9E16;
			productRefGroup = 3D16456C29C4421FBBD3675A /* Products */;
			projectDirPath = "";
			projectRoot = "";
			targets = (
				50703877C202466986DC3F74 /* KnitFlow */,
			);
		};
/* End PBXProject section */

/* Begin PBXResourcesBuildPhase section */
		BBCBBF958CEB45BA850007E1 /* Resources */ = {
			isa = PBXResourcesBuildPhase;
			buildActionMask = 2147483647;
			files = (
				4B32D62DBAAD41F299595BF1 /* Assets.xcassets in Resources */,
			);
			runOnlyForDeploymentPostprocessing = 0;
		};
/* End PBXResourcesBuildPhase section */

/* Begin PBXSourcesBuildPhase section */
		624C9B9E315D4B50A8AB1A51 /* Sources */ = {
			isa = PBXSourcesBuildPhase;
			buildActionMask = 2147483647;
			files = (
				0B5DEBBAF36C458E9D924CFE /* App.swift in Sources */,
				57B1AF6C0AAF4FD79D098059 /* Models.swift in Sources */,
				1AD10FDF4A7E495C8EE385CA /* Storage.swift in Sources */,
				E95D08BDAEA24D8A9FD20F93 /* TrackerView.swift in Sources */,
				1CF603C862F24BCF866CD753 /* EditorView.swift in Sources */,
				A040EBA610014775B0B4E006 /* WatchView.swift in Sources */,
				6AA0B0E09B3640B69BBC3385 /* Theme.swift in Sources */,
			);
			runOnlyForDeploymentPostprocessing = 0;
		};
/* End PBXSourcesBuildPhase section */

/* Begin XCBuildConfiguration section */
		1B1466D7271D48D08B11E7A3 /* Debug */ = {
			isa = XCBuildConfiguration;
			buildSettings = {
				ALWAYS_SEARCH_USER_PATHS = NO;
				ASSETCATALOG_COMPILER_APPICON_NAME = AppIcon;
				ASSETCATALOG_COMPILER_GLOBAL_ACCENT_COLOR_NAME = AccentColor;
				CLANG_ANALYZER_NONNULL = YES;
				CLANG_ANALYZER_NUMBER_OBJECT_CONVERSION = YES_AGGRESSIVE;
				CLANG_CXX_LANGUAGE_STANDARD = "gnu++20";
				CLANG_ENABLE_MODULES = YES;
				CLANG_ENABLE_OBJC_ARC = YES;
				CLANG_ENABLE_OBJC_WEAK = YES;
				CLANG_WARN_BLOCK_CAPTURE_AUTORELEASING = YES;
				CLANG_WARN_BOOL_CONVERSION = YES;
				CLANG_WARN_COMMA = YES;
				CLANG_WARN_CONSTANT_CONVERSION = YES;
				CLANG_WARN_DEPRECATED_OBJC_IMPLEMENTATIONS = YES;
				CLANG_WARN_DIRECT_OBJC_ISA_USAGE = YES_ERROR;
				CLANG_WARN_DOCUMENTATION_COMMENTS = YES;
				CLANG_WARN_EMPTY_BODY = YES;
				CLANG_WARN_ENUM_CONVERSION = YES;
				CLANG_WARN_INFINITE_RECURSION = YES;
				CLANG_WARN_INT_CONVERSION = YES;
				CLANG_WARN_NON_LITERAL_NULL_CONVERSION = YES;
				CLANG_WARN_OBJC_IMPLICIT_RETAIN_SELF = YES;
				CLANG_WARN_OBJC_LITERAL_CONVERSION = YES;
				CLANG_WARN_OBJC_ROOT_CLASS = YES_ERROR;
				CLANG_WARN_QUOTED_INCLUDE_IN_FRAMEWORK_HEADER = YES;
				CLANG_WARN_RANGE_LOOP_ANALYSIS = YES;
				CLANG_WARN_STRICT_PROTOTYPES = YES;
				CLANG_WARN_SUSPICIOUS_MOVE = YES;
				CLANG_WARN_UNGUARDED_AVAILABILITY = YES_AGGRESSIVE;
				CLANG_WARN_UNREACHABLE_CODE = YES;
				CLANG_WARN__DUPLICATE_METHOD_MATCH = YES;
				COPY_PHASE_STRIP = NO;
				ENABLE_STRICT_OBJC_MSGSEND = YES;
				ENABLE_USER_SCRIPT_SANDBOXING = YES;
				GCC_C_LANGUAGE_STANDARD = gnu17;
				GCC_NO_COMMON_BLOCKS = YES;
				GCC_WARN_64_TO_32_BIT_CONVERSION = YES;
				GCC_WARN_ABOUT_RETURN_TYPE = YES_ERROR;
				GCC_WARN_UNDECLARED_SELECTOR = YES;
				GCC_WARN_UNINITIALIZED_AUTOS = YES_AGGRESSIVE;
				GCC_WARN_UNUSED_FUNCTION = YES;
				GCC_WARN_UNUSED_VARIABLE = YES;
				IPHONEOS_DEPLOYMENT_TARGET = 17.0;
				LOCALIZATION_PREFERS_STRING_CATALOGS = YES;
				MTL_ENABLE_DEBUG_INFO = INCLUDE_SOURCE;
				MTL_FAST_MATH = YES;
				SDKROOT = iphoneos;
				SWIFT_EMIT_LOC_STRINGS = YES;
				DEBUG_INFORMATION_FORMAT = dwarf;
				ENABLE_TESTABILITY = YES;
				GCC_DYNAMIC_NO_PIC = NO;
				GCC_OPTIMIZATION_LEVEL = 0;
				GCC_PREPROCESSOR_DEFINITIONS = ("DEBUG=1", "$(inherited)");
				SWIFT_ACTIVE_COMPILATION_CONDITIONS = DEBUG;
				SWIFT_OPTIMIZATION_LEVEL = "-Onone";
				SIMULATOR_DEPLOYMENT_TARGET = 17.0;
			};
			name = Debug;
		};
		50A5B5CAEDEC435EBEE0C1BF /* Release */ = {
			isa = XCBuildConfiguration;
			buildSettings = {
				ALWAYS_SEARCH_USER_PATHS = NO;
				ASSETCATALOG_COMPILER_APPICON_NAME = AppIcon;
				ASSETCATALOG_COMPILER_GLOBAL_ACCENT_COLOR_NAME = AccentColor;
				CLANG_ANALYZER_NONNULL = YES;
				CLANG_ANALYZER_NUMBER_OBJECT_CONVERSION = YES_AGGRESSIVE;
				CLANG_CXX_LANGUAGE_STANDARD = "gnu++20";
				CLANG_ENABLE_MODULES = YES;
				CLANG_ENABLE_OBJC_ARC = YES;
				CLANG_ENABLE_OBJC_WEAK = YES;
				CLANG_WARN_BLOCK_CAPTURE_AUTORELEASING = YES;
				CLANG_WARN_BOOL_CONVERSION = YES;
				CLANG_WARN_COMMA = YES;
				CLANG_WARN_CONSTANT_CONVERSION = YES;
				CLANG_WARN_DEPRECATED_OBJC_IMPLEMENTATIONS = YES;
				CLANG_WARN_DIRECT_OBJC_ISA_USAGE = YES_ERROR;
				CLANG_WARN_DOCUMENTATION_COMMENTS = YES;
				CLANG_WARN_EMPTY_BODY = YES;
				CLANG_WARN_ENUM_CONVERSION = YES;
				CLANG_WARN_INFINITE_RECURSION = YES;
				CLANG_WARN_INT_CONVERSION = YES;
				CLANG_WARN_NON_LITERAL_NULL_CONVERSION = YES;
				CLANG_WARN_OBJC_IMPLICIT_RETAIN_SELF = YES;
				CLANG_WARN_OBJC_LITERAL_CONVERSION = YES;
				CLANG_WARN_OBJC_ROOT_CLASS = YES_ERROR;
				CLANG_WARN_QUOTED_INCLUDE_IN_FRAMEWORK_HEADER = YES;
				CLANG_WARN_RANGE_LOOP_ANALYSIS = YES;
				CLANG_WARN_STRICT_PROTOTYPES = YES;
				CLANG_WARN_SUSPICIOUS_MOVE = YES;
				CLANG_WARN_UNGUARDED_AVAILABILITY = YES_AGGRESSIVE;
				CLANG_WARN_UNREACHABLE_CODE = YES;
				CLANG_WARN__DUPLICATE_METHOD_MATCH = YES;
				COPY_PHASE_STRIP = NO;
				ENABLE_STRICT_OBJC_MSGSEND = YES;
				ENABLE_USER_SCRIPT_SANDBOXING = YES;
				GCC_C_LANGUAGE_STANDARD = gnu17;
				GCC_NO_COMMON_BLOCKS = YES;
				GCC_WARN_64_TO_32_BIT_CONVERSION = YES;
				GCC_WARN_ABOUT_RETURN_TYPE = YES_ERROR;
				GCC_WARN_UNDECLARED_SELECTOR = YES;
				GCC_WARN_UNINITIALIZED_AUTOS = YES_AGGRESSIVE;
				GCC_WARN_UNUSED_FUNCTION = YES;
				GCC_WARN_UNUSED_VARIABLE = YES;
				IPHONEOS_DEPLOYMENT_TARGET = 17.0;
				LOCALIZATION_PREFERS_STRING_CATALOGS = YES;
				MTL_ENABLE_DEBUG_INFO = INCLUDE_SOURCE;
				MTL_FAST_MATH = YES;
				SDKROOT = iphoneos;
				SWIFT_EMIT_LOC_STRINGS = YES;
				DEBUG_INFORMATION_FORMAT = "dwarf-with-dsym";
				ENABLE_NS_ASSERTIONS = NO;
				SWIFT_COMPILATION_MODE = wholemodule;
				SWIFT_OPTIMIZATION_LEVEL = "-O";
				VALIDATE_PRODUCT = YES;
			};
			name = Release;
		};
		B57C598D35F54AAC8A253FB2 /* Debug */ = {
			isa = XCBuildConfiguration;
			buildSettings = {
				ASSETCATALOG_COMPILER_APPICON_NAME = AppIcon;
				ASSETCATALOG_COMPILER_GLOBAL_ACCENT_COLOR_NAME = AccentColor;
				CODE_SIGN_STYLE = Automatic;
				CURRENT_PROJECT_VERSION = 1;
				GENERATE_INFOPLIST_FILE = NO;
				INFOPLIST_FILE = Info.plist;
				IPHONEOS_DEPLOYMENT_TARGET = 17.0;
				LD_RUNPATH_SEARCH_PATHS = ("$(inherited)", "@executable_path/Frameworks");
				MARKETING_VERSION = 1.0;
				PRODUCT_BUNDLE_IDENTIFIER = com.knitflow.app;
				PRODUCT_NAME = "$(TARGET_NAME)";
				SDKROOT = iphoneos;
				SWIFT_EMIT_LOC_STRINGS = YES;
				SWIFT_VERSION = 5.0;
				TARGETED_DEVICE_FAMILY = "1,2";
			};
			name = Debug;
		};
		519DAD0DAE104D42805AB478 /* Release */ = {
			isa = XCBuildConfiguration;
			buildSettings = {
				ASSETCATALOG_COMPILER_APPICON_NAME = AppIcon;
				ASSETCATALOG_COMPILER_GLOBAL_ACCENT_COLOR_NAME = AccentColor;
				CODE_SIGN_STYLE = Automatic;
				CURRENT_PROJECT_VERSION = 1;
				GENERATE_INFOPLIST_FILE = NO;
				INFOPLIST_FILE = Info.plist;
				IPHONEOS_DEPLOYMENT_TARGET = 17.0;
				LD_RUNPATH_SEARCH_PATHS = ("$(inherited)", "@executable_path/Frameworks");
				MARKETING_VERSION = 1.0;
				PRODUCT_BUNDLE_IDENTIFIER = com.knitflow.app;
				PRODUCT_NAME = "$(TARGET_NAME)";
				SDKROOT = iphoneos;
				SWIFT_EMIT_LOC_STRINGS = YES;
				SWIFT_VERSION = 5.0;
				TARGETED_DEVICE_FAMILY = "1,2";
			};
			name = Release;
		};
/* End XCBuildConfiguration section */

/* Begin XCConfigurationList section */
		7F209A46D3ED4BC89A0D1B60 /* Build configuration list for PBXProject "KnitFlow" */ = {
			isa = XCConfigurationList;
			buildConfigurations = (
				1B1466D7271D48D08B11E7A3 /* Debug */,
				50A5B5CAEDEC435EBEE0C1BF /* Release */,
			);
			defaultConfigurationIsVisible = 0;
			defaultConfigurationName = Release;
		};
		2F29D447E81548108A3D22B8 /* Build configuration list for PBXNativeTarget "KnitFlow" */ = {
			isa = XCConfigurationList;
			buildConfigurations = (
				B57C598D35F54AAC8A253FB2 /* Debug */,
				519DAD0DAE104D42805AB478 /* Release */,
			);
			defaultConfigurationIsVisible = 0;
			defaultConfigurationName = Release;
		};
/* End XCConfigurationList section */

	};
	rootObject = 50500E20006849A79D696EAC /* Project object */;
}